
Microsoft Visual Studio Solution File, Format Version 12.00
# Visual Studio Version 17
VisualStudioVersion = 17.5.33516.290
MinimumVisualStudioVersion = 10.0.40219.1
Project("{2150E333-8FDC-42A3-9474-1A3956D46DE8}") = "tests", "tests", "{3F7BFF8B-9655-457C-9122-5F08D2471A98}"
EndProject
Project("{2150E333-8FDC-42A3-9474-1A3956D46DE8}") = "src", "src", "{DBC9B821-69BD-4F57-92C5-B2E2FA9D1B96}"
EndProject
Project("{9A19103F-16F7-4668-BE54-9A1E7A4F7556}") = "Domain", "Core\Domain\Domain.csproj", "{008A186A-3688-4860-B52F-BF42F38090FE}"
EndProject
Project("{9A19103F-16F7-4668-BE54-9A1E7A4F7556}") = "Application", "Core\Application\Application.csproj", "{900FAF69-EDDA-4F1D-BED1-8CD98E453BBE}"
EndProject
Project("{9A19103F-16F7-4668-BE54-9A1E7A4F7556}") = "Presentation.WebApi", "Presentation\WebApi\Presentation.WebApi.csproj", "{9DE6F333-17B7-425D-B05F-E720346B6AF4}"
EndProject
Project("{9A19103F-16F7-4668-BE54-9A1E7A4F7556}") = "Infrastucture.SqlServer", "Infrastructure\SqlServer\Infrastucture.SqlServer.csproj", "{615694FE-4180-4F1F-9ED7-984BA2DFCEA7}"
EndProject
Project("{9A19103F-16F7-4668-BE54-9A1E7A4F7556}") = "HttpClient.ClientCredentialFlow", "Common\HttpClient.ClientCredentialFlow\HttpClient.ClientCredentialFlow.csproj", "{DC86C7F8-02DF-4950-9063-93FD20124698}"
EndProject
Project("{2150E333-8FDC-42A3-9474-1A3956D46DE8}") = "Common", "Common", "{CB9291D2-F921-421A-AEAD-86B7E57737FF}"
EndProject
Project("{9A19103F-16F7-4668-BE54-9A1E7A4F7556}") = "Domain.Types", "Common\Domain.Types\Domain.Types.csproj", "{B2B0E7CA-B06A-4D81-9D6E-E3A79C3425FC}"
EndProject
Project("{9A19103F-16F7-4668-BE54-9A1E7A4F7556}") = "DotNet.Extensions", "Common\DotNet.Extensions\DotNet.Extensions.csproj", "{44CCC435-2035-4A1F-BD3F-64E62DEF6399}"
EndProject
Project("{9A19103F-16F7-4668-BE54-9A1E7A4F7556}") = "Infrastructure.SemanticKernel", "Infrastructure\SemanticKernel\Infrastructure.SemanticKernel.csproj", "{2091EF1C-2E75-488C-A822-9628E639FB98}"
EndProject
Project("{9A19103F-16F7-4668-BE54-9A1E7A4F7556}") = "Specs.Integration", "..\tests\Specs.Integration\Specs.Integration.csproj", "{799639DD-289B-4883-A229-EABC84DDA178}"
EndProject
Global
	GlobalSection(SolutionConfigurationPlatforms) = preSolution
		Debug|Any CPU = Debug|Any CPU
		Release|Any CPU = Release|Any CPU
	EndGlobalSection
	GlobalSection(ProjectConfigurationPlatforms) = postSolution
		{008A186A-3688-4860-B52F-BF42F38090FE}.Debug|Any CPU.ActiveCfg = Debug|Any CPU
		{008A186A-3688-4860-B52F-BF42F38090FE}.Debug|Any CPU.Build.0 = Debug|Any CPU
		{008A186A-3688-4860-B52F-BF42F38090FE}.Release|Any CPU.ActiveCfg = Release|Any CPU
		{008A186A-3688-4860-B52F-BF42F38090FE}.Release|Any CPU.Build.0 = Release|Any CPU
		{900FAF69-EDDA-4F1D-BED1-8CD98E453BBE}.Debug|Any CPU.ActiveCfg = Debug|Any CPU
		{900FAF69-EDDA-4F1D-BED1-8CD98E453BBE}.Debug|Any CPU.Build.0 = Debug|Any CPU
		{900FAF69-EDDA-4F1D-BED1-8CD98E453BBE}.Release|Any CPU.ActiveCfg = Release|Any CPU
		{900FAF69-EDDA-4F1D-BED1-8CD98E453BBE}.Release|Any CPU.Build.0 = Release|Any CPU
		{9DE6F333-17B7-425D-B05F-E720346B6AF4}.Debug|Any CPU.ActiveCfg = Debug|Any CPU
		{9DE6F333-17B7-425D-B05F-E720346B6AF4}.Debug|Any CPU.Build.0 = Debug|Any CPU
		{9DE6F333-17B7-425D-B05F-E720346B6AF4}.Release|Any CPU.ActiveCfg = Release|Any CPU
		{9DE6F333-17B7-425D-B05F-E720346B6AF4}.Release|Any CPU.Build.0 = Release|Any CPU
		{615694FE-4180-4F1F-9ED7-984BA2DFCEA7}.Debug|Any CPU.ActiveCfg = Debug|Any CPU
		{615694FE-4180-4F1F-9ED7-984BA2DFCEA7}.Debug|Any CPU.Build.0 = Debug|Any CPU
		{615694FE-4180-4F1F-9ED7-984BA2DFCEA7}.Release|Any CPU.ActiveCfg = Release|Any CPU
		{615694FE-4180-4F1F-9ED7-984BA2DFCEA7}.Release|Any CPU.Build.0 = Release|Any CPU
		{DC86C7F8-02DF-4950-9063-93FD20124698}.Debug|Any CPU.ActiveCfg = Debug|Any CPU
		{DC86C7F8-02DF-4950-9063-93FD20124698}.Debug|Any CPU.Build.0 = Debug|Any CPU
		{DC86C7F8-02DF-4950-9063-93FD20124698}.Release|Any CPU.ActiveCfg = Release|Any CPU
		{DC86C7F8-02DF-4950-9063-93FD20124698}.Release|Any CPU.Build.0 = Release|Any CPU
		{B2B0E7CA-B06A-4D81-9D6E-E3A79C3425FC}.Debug|Any CPU.ActiveCfg = Debug|Any CPU
		{B2B0E7CA-B06A-4D81-9D6E-E3A79C3425FC}.Debug|Any CPU.Build.0 = Debug|Any CPU
		{B2B0E7CA-B06A-4D81-9D6E-E3A79C3425FC}.Release|Any CPU.ActiveCfg = Release|Any CPU
		{B2B0E7CA-B06A-4D81-9D6E-E3A79C3425FC}.Release|Any CPU.Build.0 = Release|Any CPU
		{44CCC435-2035-4A1F-BD3F-64E62DEF6399}.Debug|Any CPU.ActiveCfg = Debug|Any CPU
		{44CCC435-2035-4A1F-BD3F-64E62DEF6399}.Debug|Any CPU.Build.0 = Debug|Any CPU
		{44CCC435-2035-4A1F-BD3F-64E62DEF6399}.Release|Any CPU.ActiveCfg = Release|Any CPU
		{44CCC435-2035-4A1F-BD3F-64E62DEF6399}.Release|Any CPU.Build.0 = Release|Any CPU
		{2091EF1C-2E75-488C-A822-9628E639FB98}.Debug|Any CPU.ActiveCfg = Debug|Any CPU
		{2091EF1C-2E75-488C-A822-9628E639FB98}.Debug|Any CPU.Build.0 = Debug|Any CPU
		{2091EF1C-2E75-488C-A822-9628E639FB98}.Release|Any CPU.ActiveCfg = Release|Any CPU
		{2091EF1C-2E75-488C-A822-9628E639FB98}.Release|Any CPU.Build.0 = Release|Any CPU
		{799639DD-289B-4883-A229-EABC84DDA178}.Debug|Any CPU.ActiveCfg = Debug|Any CPU
		{799639DD-289B-4883-A229-EABC84DDA178}.Debug|Any CPU.Build.0 = Debug|Any CPU
		{799639DD-289B-4883-A229-EABC84DDA178}.Release|Any CPU.ActiveCfg = Release|Any CPU
		{799639DD-289B-4883-A229-EABC84DDA178}.Release|Any CPU.Build.0 = Release|Any CPU
	EndGlobalSection
	GlobalSection(SolutionProperties) = preSolution
		HideSolutionNode = FALSE
	EndGlobalSection
	GlobalSection(NestedProjects) = preSolution
		{008A186A-3688-4860-B52F-BF42F38090FE} = {DBC9B821-69BD-4F57-92C5-B2E2FA9D1B96}
		{900FAF69-EDDA-4F1D-BED1-8CD98E453BBE} = {DBC9B821-69BD-4F57-92C5-B2E2FA9D1B96}
		{9DE6F333-17B7-425D-B05F-E720346B6AF4} = {DBC9B821-69BD-4F57-92C5-B2E2FA9D1B96}
		{615694FE-4180-4F1F-9ED7-984BA2DFCEA7} = {DBC9B821-69BD-4F57-92C5-B2E2FA9D1B96}
		{DC86C7F8-02DF-4950-9063-93FD20124698} = {CB9291D2-F921-421A-AEAD-86B7E57737FF}
		{CB9291D2-F921-421A-AEAD-86B7E57737FF} = {DBC9B821-69BD-4F57-92C5-B2E2FA9D1B96}
		{B2B0E7CA-B06A-4D81-9D6E-E3A79C3425FC} = {CB9291D2-F921-421A-AEAD-86B7E57737FF}
		{44CCC435-2035-4A1F-BD3F-64E62DEF6399} = {CB9291D2-F921-421A-AEAD-86B7E57737FF}
		{2091EF1C-2E75-488C-A822-9628E639FB98} = {DBC9B821-69BD-4F57-92C5-B2E2FA9D1B96}
		{799639DD-289B-4883-A229-EABC84DDA178} = {3F7BFF8B-9655-457C-9122-5F08D2471A98}
	EndGlobalSection
	GlobalSection(ExtensibilityGlobals) = postSolution
		SolutionGuid = {394AC88B-6897-416E-B92F-1D370A044F06}
	EndGlobalSection
EndGlobal
